Microsoft Visual Studio Solution File, Format Version 12.00
# Visual Studio Version 17
VisualStudioVersion = 17.5.2.0
MinimumVisualStudioVersion = 10.0.40219.1
Project("{FAE04EC0-301F-11D3-BF4B-00C04F79EFBC}") = "read-process-data", "read-process-data\read-process-data.csproj", "{B7AACCA8-89A5-85F7-8490-DA4D20BFA019}"
EndProject
Project("{FAE04EC0-301F-11D3-BF4B-00C04F79EFBC}") = "gpo-find-tag", "gpo-find-tag\gpo-find-tag.csproj", "{4E69994F-4DE8-4B13-9673-6C7D4C006635}"
EndProject
Project("{FAE04EC0-301F-11D3-BF4B-00C04F79EFBC}") = "tag-counter-prefix", "tag-counter-prefix\tag-counter-prefix.csproj", "{2A3B4C5D-6E7F-8A9B-C0D1-E2F3A4B5C6D7}"
EndProject
Project("{FAE04EC0-301F-11D3-BF4B-00C04F79EFBC}") = "write-tag-data", "write-tag-data\write-tag-data.csproj", "{3B4C5D6E-7F8A-9B0C-D1E2-F3A4B5C6D7E8}"
EndProject
Project("{FAE04EC0-301F-11D3-BF4B-00C04F79EFBC}") = "near-at-hand", "near-at-hand\near-at-hand.csproj", "{04226C57-DF5E-4311-AE35-E666791AE44E}"
EndProject
Project("{FAE04EC0-301F-11D3-BF4B-00C04F79EFBC}") = "inventory-to-csv", "inventory-to-csv\inventory-to-csv.csproj", "{E09F0FA6-6337-4BFC-A763-D663D783525E}"
EndProject
Project("{FAE04EC0-301F-11D3-BF4B-00C04F79EFBC}") = "report-server-rule", "report-server-rule\report-server-rule.csproj", "{D568033C-5856-4A0C-8B9C-7E77AFE5AE0A}"
EndProject
Global
	GlobalSection(SolutionConfigurationPlatforms) = preSolution
		Debug|Any CPU = Debug|Any CPU
		Release|Any CPU = Release|Any CPU
	EndGlobalSection
	GlobalSection(ProjectConfigurationPlatforms) = postSolution
		{B7AACCA8-89A5-85F7-8490-DA4D20BFA019}.Debug|Any CPU.ActiveCfg = Debug|Any CPU
		{B7AACCA8-89A5-85F7-8490-DA4D20BFA019}.Debug|Any CPU.Build.0 = Debug|Any CPU
		{B7AACCA8-89A5-85F7-8490-DA4D20BFA019}.Release|Any CPU.ActiveCfg = Release|Any CPU
		{B7AACCA8-89A5-85F7-8490-DA4D20BFA019}.Release|Any CPU.Build.0 = Release|Any CPU
		{4E69994F-4DE8-4B13-9673-6C7D4C006635}.Debug|Any CPU.ActiveCfg = Debug|Any CPU
		{4E69994F-4DE8-4B13-9673-6C7D4C006635}.Debug|Any CPU.Build.0 = Debug|Any CPU
		{4E69994F-4DE8-4B13-9673-6C7D4C006635}.Release|Any CPU.ActiveCfg = Release|Any CPU
		{4E69994F-4DE8-4B13-9673-6C7D4C006635}.Release|Any CPU.Build.0 = Release|Any CPU
		{2A3B4C5D-6E7F-8A9B-C0D1-E2F3A4B5C6D7}.Debug|Any CPU.ActiveCfg = Debug|Any CPU
		{2A3B4C5D-6E7F-8A9B-C0D1-E2F3A4B5C6D7}.Debug|Any CPU.Build.0 = Debug|Any CPU
		{2A3B4C5D-6E7F-8A9B-C0D1-E2F3A4B5C6D7}.Release|Any CPU.ActiveCfg = Release|Any CPU
		{2A3B4C5D-6E7F-8A9B-C0D1-E2F3A4B5C6D7}.Release|Any CPU.Build.0 = Release|Any CPU
		{3B4C5D6E-7F8A-9B0C-D1E2-F3A4B5C6D7E8}.Debug|Any CPU.ActiveCfg = Debug|Any CPU
		{3B4C5D6E-7F8A-9B0C-D1E2-F3A4B5C6D7E8}.Debug|Any CPU.Build.0 = Debug|Any CPU
		{3B4C5D6E-7F8A-9B0C-D1E2-F3A4B5C6D7E8}.Release|Any CPU.ActiveCfg = Release|Any CPU
		{3B4C5D6E-7F8A-9B0C-D1E2-F3A4B5C6D7E8}.Release|Any CPU.Build.0 = Release|Any CPU
		{B9dD2C8A-BD1D-4FF8-A9B3-FC58467806B8}.Debug|Any CPU.ActiveCfg = Debug|Any CPU
		{B9dD2C8A-BD1D-4FF8-A9B3-FC58467806B8}.Debug|Any CPU.Build.0 = Debug|Any CPU
		{B9dD2C8A-BD1D-4FF8-A9B3-FC58467806B8}.Release|Any CPU.ActiveCfg = Release|Any CPU
		{B9dD2C8A-BD1D-4FF8-A9B3-FC58467806B8}.Release|Any CPU.Build.0 = Release|Any CPU
		{04226C57-DF5E-4311-AE35-E666791AE44E}.Debug|Any CPU.ActiveCfg = Debug|Any CPU
		{04226C57-DF5E-4311-AE35-E666791AE44E}.Debug|Any CPU.Build.0 = Debug|Any CPU
		{04226C57-DF5E-4311-AE35-E666791AE44E}.Release|Any CPU.ActiveCfg = Release|Any CPU
		{04226C57-DF5E-4311-AE35-E666791AE44E}.Release|Any CPU.Build.0 = Release|Any CPU
		{E09F0FA6-6337-4BFC-A763-D663D783525E}.Debug|Any CPU.ActiveCfg = Debug|Any CPU
		{E09F0FA6-6337-4BFC-A763-D663D783525E}.Debug|Any CPU.Build.0 = Debug|Any CPU
		{E09F0FA6-6337-4BFC-A763-D663D783525E}.Release|Any CPU.ActiveCfg = Release|Any CPU
		{E09F0FA6-6337-4BFC-A763-D663D783525E}.Release|Any CPU.Build.0 = Release|Any CPU
		{D568033C-5856-4A0C-8B9C-7E77AFE5AE0A}.Debug|Any CPU.ActiveCfg = Debug|Any CPU
		{D568033C-5856-4A0C-8B9C-7E77AFE5AE0A}.Debug|Any CPU.Build.0 = Debug|Any CPU
		{D568033C-5856-4A0C-8B9C-7E77AFE5AE0A}.Release|Any CPU.ActiveCfg = Release|Any CPU
		{D568033C-5856-4A0C-8B9C-7E77AFE5AE0A}.Release|Any CPU.Build.0 = Release|Any CPU
	EndGlobalSection
	GlobalSection(SolutionProperties) = preSolution
		HideSolutionNode = FALSE
	EndGlobalSection
	GlobalSection(ExtensibilityGlobals) = postSolution
		SolutionGuid = {FF34BC9C-9C4B-49A8-9BB0-02408A9CB74D}
	EndGlobalSection
EndGlobal
